// !$*UTF8*$!
{
	archiveVersion = 1;
	classes = {
	};
	objectVersion = 77;
	objects = {

/* Begin PBXBuildFile section */
		17A764947F6C6DFE71B8DB36 /* libPods-SergioUITests.a in Frameworks */ = {isa = PBXBuildFile; fileRef = 1845CD4F27B6FF3083E78CE8 /* libPods-SergioUITests.a */; };
		1901AD4A0D72BF01D1B7B551 /* libPods-SergioTests.a in Frameworks */ = {isa = PBXBuildFile; fileRef = 7879151BF043A5B6F1F9A937 /* libPods-SergioTests.a */; };
		4D7DD151FA96A0293B0B919C /* Pods_Sergio.framework in Frameworks */ = {isa = PBXBuildFile; fileRef = 39A14CF59B1BD17F0F3FDD72 /* Pods_Sergio.framework */; };
/* End PBXBuildFile section */

/* Begin PBXContainerItemProxy section */
		1A6C61DA2E6AFB1D00FCDC4F /* PBXContainerItemProxy */ = {
			isa = PBXContainerItemProxy;
			containerPortal = 1A0531A42E5A5F6A0076047B /* Project object */;
			proxyType = 1;
			remoteGlobalIDString = 1A0531AB2E5A5F6A0076047B;
			remoteInfo = Sergio;
		};
		1A80E6982E5A686F00175BD9 /* PBXContainerItemProxy */ = {
			isa = PBXContainerItemProxy;
			containerPortal = 1A0531A42E5A5F6A0076047B /* Project object */;
			proxyType = 1;
			remoteGlobalIDString = 1A0531AB2E5A5F6A0076047B;
			remoteInfo = Sergio;
		};
		1A80E6A72E5A688E00175BD9 /* PBXContainerItemProxy */ = {
			isa = PBXContainerItemProxy;
			containerPortal = 1A0531A42E5A5F6A0076047B /* Project object */;
			proxyType = 1;
			remoteGlobalIDString = 1A0531AB2E5A5F6A0076047B;
			remoteInfo = Sergio;
		};
/* End PBXContainerItemProxy section */

/* Begin PBXFileReference section */
		1845CD4F27B6FF3083E78CE8 /* libPods-SergioUITests.a */ = {isa = PBXFileReference; explicitFileType = archive.ar; includeInIndex = 0; path = "libPods-SergioUITests.a"; sourceTree = BUILT_PRODUCTS_DIR; };
		1A0531AC2E5A5F6A0076047B /* Sergio.app */ = {isa = PBXFileReference; explicitFileType = wrapper.application; includeInIndex = 0; path = Sergio.app; sourceTree = BUILT_PRODUCTS_DIR; };
		1A6C61D62E6AFB1D00FCDC4F /* SergioIntegrationTests.xctest */ = {isa = PBXFileReference; explicitFileType = wrapper.cfbundle; includeInIndex = 0; path = SergioIntegrationTests.xctest; sourceTree = BUILT_PRODUCTS_DIR; };
		1A80E6942E5A686F00175BD9 /* SergioTests.xctest */ = {isa = PBXFileReference; explicitFileType = wrapper.cfbundle; includeInIndex = 0; path = SergioTests.xctest; sourceTree = BUILT_PRODUCTS_DIR; };
		1A80E6A12E5A688E00175BD9 /* SergioUITests.xctest */ = {isa = PBXFileReference; explicitFileType = wrapper.cfbundle; includeInIndex = 0; path = SergioUITests.xctest; sourceTree = BUILT_PRODUCTS_DIR; };
		39A14CF59B1BD17F0F3FDD72 /* Pods_Sergio.framework */ = {isa = PBXFileReference; explicitFileType = wrapper.framework; includeInIndex = 0; path = Pods_Sergio.framework; sourceTree = BUILT_PRODUCTS_DIR; };
		7431A9F8BAFA34F1C1E85BD5 /* Pods-SergioTests.debug.xcconfig */ = {isa = PBXFileReference; includeInIndex = 1; lastKnownFileType = text.xcconfig; name = "Pods-SergioTests.debug.xcconfig"; path = "Target Support Files/Pods-SergioTests/Pods-SergioTests.debug.xcconfig"; sourceTree = "<group>"; };
		7879151BF043A5B6F1F9A937 /* libPods-SergioTests.a */ = {isa = PBXFileReference; explicitFileType = archive.ar; includeInIndex = 0; path = "libPods-SergioTests.a"; sourceTree = BUILT_PRODUCTS_DIR; };
		7FABD6DC3228561C65001579 /* Pods-SergioUITests.release.xcconfig */ = {isa = PBXFileReference; includeInIndex = 1; lastKnownFileType = text.xcconfig; name = "Pods-SergioUITests.release.xcconfig"; path = "Target Support Files/Pods-SergioUITests/Pods-SergioUITests.release.xcconfig"; sourceTree = "<group>"; };
		83352CB1559B6907C23F0EB8 /* Pods-Sergio.release.xcconfig */ = {isa = PBXFileReference; includeInIndex = 1; lastKnownFileType = text.xcconfig; name = "Pods-Sergio.release.xcconfig"; path = "Target Support Files/Pods-Sergio/Pods-Sergio.release.xcconfig"; sourceTree = "<group>"; };
		9B9395FF99C5348AAF90112C /* Pods-SergioTests.release.xcconfig */ = {isa = PBXFileReference; includeInIndex = 1; lastKnownFileType = text.xcconfig; name = "Pods-SergioTests.release.xcconfig"; path = "Target Support Files/Pods-SergioTests/Pods-SergioTests.release.xcconfig"; sourceTree = "<group>"; };
		9EC87AEF8F0E47A55E427CA7 /* Pods-SergioUITests.debug.xcconfig */ = {isa = PBXFileReference; includeInIndex = 1; lastKnownFileType = text.xcconfig; name = "Pods-SergioUITests.debug.xcconfig"; path = "Target Support Files/Pods-SergioUITests/Pods-SergioUITests.debug.xcconfig"; sourceTree = "<group>"; };
		AC15A3EE2B4E93A3345CEAA7 /* Pods-Sergio.debug.xcconfig */ = {isa = PBXFileReference; includeInIndex = 1; lastKnownFileType = text.xcconfig; name = "Pods-Sergio.debug.xcconfig"; path = "Target Support Files/Pods-Sergio/Pods-Sergio.debug.xcconfig"; sourceTree = "<group>"; };
/* End PBXFileReference section */

/* Begin PBXFileSystemSynchronizedRootGroup section */
		1A0531AE2E5A5F6A0076047B /* Sergio */ = {
			isa = PBXFileSystemSynchronizedRootGroup;
			path = Sergio;
			sourceTree = "<group>";
		};
		1A6C61D72E6AFB1D00FCDC4F /* SergioIntegrationTests */ = {
			isa = PBXFileSystemSynchronizedRootGroup;
			path = SergioIntegrationTests;
			sourceTree = "<group>";
		};
		1A80E6952E5A686F00175BD9 /* SergioTests */ = {
			isa = PBXFileSystemSynchronizedRootGroup;
			path = SergioTests;
			sourceTree = "<group>";
		};
		1A80E6A22E5A688E00175BD9 /* SergioUITests */ = {
			isa = PBXFileSystemSynchronizedRootGroup;
			path = SergioUITests;
			sourceTree = "<group>";
		};
/* End PBXFileSystemSynchronizedRootGroup section */

/* Begin PBXFrameworksBuildPhase section */
		1A0531A92E5A5F6A0076047B /* Frameworks */ = {
			isa = PBXFrameworksBuildPhase;
			buildActionMask = 2147483647;
			files = (
				4D7DD151FA96A0293B0B919C /* Pods_Sergio.framework in Frameworks */,
			);
			runOnlyForDeploymentPostprocessing = 0;
		};
		1A6C61D32E6AFB1D00FCDC4F /* Frameworks */ = {
			isa = PBXFrameworksBuildPhase;
			buildActionMask = 2147483647;
			files = (
			);
			runOnlyForDeploymentPostprocessing = 0;
		};
		1A80E6912E5A686F00175BD9 /* Frameworks */ = {
			isa = PBXFrameworksBuildPhase;
			buildActionMask = 2147483647;
			files = (
				1901AD4A0D72BF01D1B7B551 /* libPods-SergioTests.a in Frameworks */,
			);
			runOnlyForDeploymentPostprocessing = 0;
		};
		1A80E69E2E5A688E00175BD9 /* Frameworks */ = {
			isa = PBXFrameworksBuildPhase;
			buildActionMask = 2147483647;
			files = (
				17A764947F6C6DFE71B8DB36 /* libPods-SergioUITests.a in Frameworks */,
			);
			runOnlyForDeploymentPostprocessing = 0;
		};
/* End PBXFrameworksBuildPhase section */

/* Begin PBXGroup section */
		1A0531A32E5A5F6A0076047B = {
			isa = PBXGroup;
			children = (
				1A0531AE2E5A5F6A0076047B /* Sergio */,
				1A80E6952E5A686F00175BD9 /* SergioTests */,
				1A80E6A22E5A688E00175BD9 /* SergioUITests */,
				1A6C61D72E6AFB1D00FCDC4F /* SergioIntegrationTests */,
				1A0531AD2E5A5F6A0076047B /* Products */,
				C58EAADAB18C70B515A0EDCA /* Pods */,
				44833F7215D9883B3EABDE3E /* Frameworks */,
			);
			sourceTree = "<group>";
		};
		1A0531AD2E5A5F6A0076047B /* Products */ = {
			isa = PBXGroup;
			children = (
				1A0531AC2E5A5F6A0076047B /* Sergio.app */,
				1A80E6942E5A686F00175BD9 /* SergioTests.xctest */,
				1A80E6A12E5A688E00175BD9 /* SergioUITests.xctest */,
				1A6C61D62E6AFB1D00FCDC4F /* SergioIntegrationTests.xctest */,
			);
			name = Products;
			sourceTree = "<group>";
		};
		44833F7215D9883B3EABDE3E /* Frameworks */ = {
			isa = PBXGroup;
			children = (
				39A14CF59B1BD17F0F3FDD72 /* Pods_Sergio.framework */,
				7879151BF043A5B6F1F9A937 /* libPods-SergioTests.a */,
				1845CD4F27B6FF3083E78CE8 /* libPods-SergioUITests.a */,
			);
			name = Frameworks;
			sourceTree = "<group>";
		};
		C58EAADAB18C70B515A0EDCA /* Pods */ = {
			isa = PBXGroup;
			children = (
				AC15A3EE2B4E93A3345CEAA7 /* Pods-Sergio.debug.xcconfig */,
				83352CB1559B6907C23F0EB8 /* Pods-Sergio.release.xcconfig */,
				7431A9F8BAFA34F1C1E85BD5 /* Pods-SergioTests.debug.xcconfig */,
				9B9395FF99C5348AAF90112C /* Pods-SergioTests.release.xcconfig */,
				9EC87AEF8F0E47A55E427CA7 /* Pods-SergioUITests.debug.xcconfig */,
				7FABD6DC3228561C65001579 /* Pods-SergioUITests.release.xcconfig */,
			);
			path = Pods;
			sourceTree = "<group>";
		};
/* End PBXGroup section */

/* Begin PBXNativeTarget section */
		1A0531AB2E5A5F6A0076047B /* Sergio */ = {
			isa = PBXNativeTarget;
			buildConfigurationList = 1A0531B72E5A5F6C0076047B /* Build configuration list for PBXNativeTarget "Sergio" */;
			buildPhases = (
				98C75EB4202485F37D0A2BF5 /* [CP] Check Pods Manifest.lock */,
				1A0531A82E5A5F6A0076047B /* Sources */,
				1A0531A92E5A5F6A0076047B /* Frameworks */,
				1A0531AA2E5A5F6A0076047B /* Resources */,
				4C9106A39FDA23A6E1A812ED /* [CP] Embed Pods Frameworks */,
			);
			buildRules = (
			);
			dependencies = (
			);
			fileSystemSynchronizedGroups = (
				1A0531AE2E5A5F6A0076047B /* Sergio */,
			);
			name = Sergio;
			productName = Sergio;
			productReference = 1A0531AC2E5A5F6A0076047B /* Sergio.app */;
			productType = "com.apple.product-type.application";
		};
		1A6C61D52E6AFB1D00FCDC4F /* SergioIntegrationTests */ = {
			isa = PBXNativeTarget;
			buildConfigurationList = 1A6C61DC2E6AFB1D00FCDC4F /* Build configuration list for PBXNativeTarget "SergioIntegrationTests" */;
			buildPhases = (
				1A6C61D22E6AFB1D00FCDC4F /* Sources */,
				1A6C61D32E6AFB1D00FCDC4F /* Frameworks */,
				1A6C61D42E6AFB1D00FCDC4F /* Resources */,
			);
			buildRules = (
			);
			dependencies = (
				1A6C61DB2E6AFB1D00FCDC4F /* PBXTargetDependency */,
			);
			fileSystemSynchronizedGroups = (
				1A6C61D72E6AFB1D00FCDC4F /* SergioIntegrationTests */,
			);
			name = SergioIntegrationTests;
			productName = SergioIntegrationTests;
			productReference = 1A6C61D62E6AFB1D00FCDC4F /* SergioIntegrationTests.xctest */;
			productType = "com.apple.product-type.bundle.unit-test";
		};
		1A80E6932E5A686F00175BD9 /* SergioTests */ = {
			isa = PBXNativeTarget;
			buildConfigurationList = 1A80E69C2E5A686F00175BD9 /* Build configuration list for PBXNativeTarget "SergioTests" */;
			buildPhases = (
				5591C73D3CD1BA4389883632 /* [CP] Check Pods Manifest.lock */,
				1A80E6902E5A686F00175BD9 /* Sources */,
				1A80E6912E5A686F00175BD9 /* Frameworks */,
				1A80E6922E5A686F00175BD9 /* Resources */,
			);
			buildRules = (
			);
			dependencies = (
				1A80E6992E5A686F00175BD9 /* PBXTargetDependency */,
			);
			fileSystemSynchronizedGroups = (
				1A80E6952E5A686F00175BD9 /* SergioTests */,
			);
			name = SergioTests;
			productName = SergioTests;
			productReference = 1A80E6942E5A686F00175BD9 /* SergioTests.xctest */;
			productType = "com.apple.product-type.bundle.unit-test";
		};
		1A80E6A02E5A688E00175BD9 /* SergioUITests */ = {
			isa = PBXNativeTarget;
			buildConfigurationList = 1A80E6A92E5A688E00175BD9 /* Build configuration list for PBXNativeTarget "SergioUITests" */;
			buildPhases = (
				DC2B1065EBA212C857014929 /* [CP] Check Pods Manifest.lock */,
				1A80E69D2E5A688E00175BD9 /* Sources */,
				1A80E69E2E5A688E00175BD9 /* Frameworks */,
				1A80E69F2E5A688E00175BD9 /* Resources */,
			);
			buildRules = (
			);
			dependencies = (
				1A80E6A82E5A688E00175BD9 /* PBXTargetDependency */,
			);
			fileSystemSynchronizedGroups = (
				1A80E6A22E5A688E00175BD9 /* SergioUITests */,
			);
			name = SergioUITests;
			productName = SergioUITests;
			productReference = 1A80E6A12E5A688E00175BD9 /* SergioUITests.xctest */;
			productType = "com.apple.product-type.bundle.ui-testing";
		};
/* End PBXNativeTarget section */

/* Begin PBXProject section */
		1A0531A42E5A5F6A0076047B /* Project object */ = {
			isa = PBXProject;
			attributes = {
				BuildIndependentTargetsInParallel = 1;
				LastSwiftUpdateCheck = 1640;
				LastUpgradeCheck = 1640;
				TargetAttributes = {
					1A0531AB2E5A5F6A0076047B = {
						CreatedOnToolsVersion = 16.4;
					};
					1A6C61D52E6AFB1D00FCDC4F = {
						CreatedOnToolsVersion = 16.4;
						TestTargetID = 1A0531AB2E5A5F6A0076047B;
					};
					1A80E6932E5A686F00175BD9 = {
						CreatedOnToolsVersion = 16.4;
						TestTargetID = 1A0531AB2E5A5F6A0076047B;
					};
					1A80E6A02E5A688E00175BD9 = {
						CreatedOnToolsVersion = 16.4;
						TestTargetID = 1A0531AB2E5A5F6A0076047B;
					};
				};
			};
			buildConfigurationList = 1A0531A72E5A5F6A0076047B /* Build configuration list for PBXProject "Sergio" */;
			developmentRegion = en;
			hasScannedForEncodings = 0;
			knownRegions = (
				en,
				Base,
			);
			mainGroup = 1A0531A32E5A5F6A0076047B;
			minimizedProjectReferenceProxies = 1;
			preferredProjectObjectVersion = 77;
			productRefGroup = 1A0531AD2E5A5F6A0076047B /* Products */;
			projectDirPath = "";
			projectRoot = "";
			targets = (
				1A0531AB2E5A5F6A0076047B /* Sergio */,
				1A80E6932E5A686F00175BD9 /* SergioTests */,
				1A80E6A02E5A688E00175BD9 /* SergioUITests */,
				1A6C61D52E6AFB1D00FCDC4F /* SergioIntegrationTests */,
			);
		};
/* End PBXProject section */

/* Begin PBXResourcesBuildPhase section */
		1A0531AA2E5A5F6A0076047B /* Resources */ = {
			isa = PBXResourcesBuildPhase;
			buildActionMask = 2147483647;
			files = (
			);
			runOnlyForDeploymentPostprocessing = 0;
		};
		1A6C61D42E6AFB1D00FCDC4F /* Resources */ = {
			isa = PBXResourcesBuildPhase;
			buildActionMask = 2147483647;
			files = (
			);
			runOnlyForDeploymentPostprocessing = 0;
		};
		1A80E6922E5A686F00175BD9 /* Resources */ = {
			isa = PBXResourcesBuildPhase;
			buildActionMask = 2147483647;
			files = (
			);
			runOnlyForDeploymentPostprocessing = 0;
		};
		1A80E69F2E5A688E00175BD9 /* Resources */ = {
			isa = PBXResourcesBuildPhase;
			buildActionMask = 2147483647;
			files = (
			);
			runOnlyForDeploymentPostprocessing = 0;
		};
/* End PBXResourcesBuildPhase section */

/* Begin PBXShellScriptBuildPhase section */
		4C9106A39FDA23A6E1A812ED /* [CP] Embed Pods Frameworks */ = {
			isa = PBXShellScriptBuildPhase;
			buildActionMask = 2147483647;
			files = (
			);
			inputFileListPaths = (
				"${PODS_ROOT}/Target Support Files/Pods-Sergio/Pods-Sergio-frameworks-${CONFIGURATION}-input-files.xcfilelist",
			);
			inputPaths = (
			);
			name = "[CP] Embed Pods Frameworks";
			outputFileListPaths = (
				"${PODS_ROOT}/Target Support Files/Pods-Sergio/Pods-Sergio-frameworks-${CONFIGURATION}-output-files.xcfilelist",
			);
			outputPaths = (
			);
			runOnlyForDeploymentPostprocessing = 0;
			shellPath = /bin/sh;
			shellScript = "\"${PODS_ROOT}/Target Support Files/Pods-Sergio/Pods-Sergio-frameworks.sh\"\n";
			showEnvVarsInLog = 0;
		};
		5591C73D3CD1BA4389883632 /* [CP] Check Pods Manifest.lock */ = {
			isa = PBXShellScriptBuildPhase;
			buildActionMask = 2147483647;
			files = (
			);
			inputFileListPaths = (
			);
			inputPaths = (
				"${PODS_PODFILE_DIR_PATH}/Podfile.lock",
				"${PODS_ROOT}/Manifest.lock",
			);
			name = "[CP] Check Pods Manifest.lock";
			outputFileListPaths = (
			);
			outputPaths = (
				"$(DERIVED_FILE_DIR)/Pods-SergioTests-checkManifestLockResult.txt",
			);
			runOnlyForDeploymentPostprocessing = 0;
			shellPath = /bin/sh;
			shellScript = "diff \"${PODS_PODFILE_DIR_PATH}/Podfile.lock\" \"${PODS_ROOT}/Manifest.lock\" > /dev/null\nif [ $? != 0 ] ; then\n    # print error to STDERR\n    echo \"error: The sandbox is not in sync with the Podfile.lock. Run 'pod install' or update your CocoaPods installation.\" >&2\n    exit 1\nfi\n# This output is used by Xcode 'outputs' to avoid re-running this script phase.\necho \"SUCCESS\" > \"${SCRIPT_OUTPUT_FILE_0}\"\n";
			showEnvVarsInLog = 0;
		};
		98C75EB4202485F37D0A2BF5 /* [CP] Check Pods Manifest.lock */ = {
			isa = PBXShellScriptBuildPhase;
			buildActionMask = 2147483647;
			files = (
			);
			inputFileListPaths = (
			);
			inputPaths = (
				"${PODS_PODFILE_DIR_PATH}/Podfile.lock",
				"${PODS_ROOT}/Manifest.lock",
			);
			name = "[CP] Check Pods Manifest.lock";
			outputFileListPaths = (
			);
			outputPaths = (
				"$(DERIVED_FILE_DIR)/Pods-Sergio-checkManifestLockResult.txt",
			);
			runOnlyForDeploymentPostprocessing = 0;
			shellPath = /bin/sh;
			shellScript = "diff \"${PODS_PODFILE_DIR_PATH}/Podfile.lock\" \"${PODS_ROOT}/Manifest.lock\" > /dev/null\nif [ $? != 0 ] ; then\n    # print error to STDERR\n    echo \"error: The sandbox is not in sync with the Podfile.lock. Run 'pod install' or update your CocoaPods installation.\" >&2\n    exit 1\nfi\n# This output is used by Xcode 'outputs' to avoid re-running this script phase.\necho \"SUCCESS\" > \"${SCRIPT_OUTPUT_FILE_0}\"\n";
			showEnvVarsInLog = 0;
		};
		DC2B1065EBA212C857014929 /* [CP] Check Pods Manifest.lock */ = {
			isa = PBXShellScriptBuildPhase;
			buildActionMask = 2147483647;
			files = (
			);
			inputFileListPaths = (
			);
			inputPaths = (
				"${PODS_PODFILE_DIR_PATH}/Podfile.lock",
				"${PODS_ROOT}/Manifest.lock",
			);
			name = "[CP] Check Pods Manifest.lock";
			outputFileListPaths = (
			);
			outputPaths = (
				"$(DERIVED_FILE_DIR)/Pods-SergioUITests-checkManifestLockResult.txt",
			);
			runOnlyForDeploymentPostprocessing = 0;
			shellPath = /bin/sh;
			shellScript = "diff \"${PODS_PODFILE_DIR_PATH}/Podfile.lock\" \"${PODS_ROOT}/Manifest.lock\" > /dev/null\nif [ $? != 0 ] ; then\n    # print error to STDERR\n    echo \"error: The sandbox is not in sync with the Podfile.lock. Run 'pod install' or update your CocoaPods installation.\" >&2\n    exit 1\nfi\n# This output is used by Xcode 'outputs' to avoid re-running this script phase.\necho \"SUCCESS\" > \"${SCRIPT_OUTPUT_FILE_0}\"\n";
			showEnvVarsInLog = 0;
		};
/* End PBXShellScriptBuildPhase section */

/* Begin PBXSourcesBuildPhase section */
		1A0531A82E5A5F6A0076047B /* Sources */ = {
			isa = PBXSourcesBuildPhase;
			buildActionMask = 2147483647;
			files = (
			);
			runOnlyForDeploymentPostprocessing = 0;
		};
		1A6C61D22E6AFB1D00FCDC4F /* Sources */ = {
			isa = PBXSourcesBuildPhase;
			buildActionMask = 2147483647;
			files = (
			);
			runOnlyForDeploymentPostprocessing = 0;
		};
		1A80E6902E5A686F00175BD9 /* Sources */ = {
			isa = PBXSourcesBuildPhase;
			buildActionMask = 2147483647;
			files = (
			);
			runOnlyForDeploymentPostprocessing = 0;
		};
		1A80E69D2E5A688E00175BD9 /* Sources */ = {
			isa = PBXSourcesBuildPhase;
			buildActionMask = 2147483647;
			files = (
			);
			runOnlyForDeploymentPostprocessing = 0;
		};
/* End PBXSourcesBuildPhase section */

/* Begin PBXTargetDependency section */
		1A6C61DB2E6AFB1D00FCDC4F /* PBXTargetDependency */ = {
			isa = PBXTargetDependency;
			target = 1A0531AB2E5A5F6A0076047B /* Sergio */;
			targetProxy = 1A6C61DA2E6AFB1D00FCDC4F /* PBXContainerItemProxy */;
		};
		1A80E6992E5A686F00175BD9 /* PBXTargetDependency */ = {
			isa = PBXTargetDependency;
			target = 1A0531AB2E5A5F6A0076047B /* Sergio */;
			targetProxy = 1A80E6982E5A686F00175BD9 /* PBXContainerItemProxy */;
		};
		1A80E6A82E5A688E00175BD9 /* PBXTargetDependency */ = {
			isa = PBXTargetDependency;
			target = 1A0531AB2E5A5F6A0076047B /* Sergio */;
			targetProxy = 1A80E6A72E5A688E00175BD9 /* PBXContainerItemProxy */;
		};
/* End PBXTargetDependency section */

/* Begin XCBuildConfiguration section */
		1A0531B52E5A5F6C0076047B /* Debug */ = {
			isa = XCBuildConfiguration;
			buildSettings = {
				ALWAYS_SEARCH_USER_PATHS = NO;
				ASSETCATALOG_COMPILER_GENERATE_SWIFT_ASSET_SYMBOL_EXTENSIONS = YES;
				CLANG_ANALYZER_NONNULL = YES;
				CLANG_ANALYZER_NUMBER_OBJECT_CONVERSION = YES_AGGRESSIVE;
				CLANG_CXX_LANGUAGE_STANDARD = "gnu++20";
				CLANG_ENABLE_MODULES = YES;
				CLANG_ENABLE_OBJC_ARC = YES;
				CLANG_ENABLE_OBJC_WEAK = YES;
				CLANG_WARN_BLOCK_CAPTURE_AUTORELEASING = YES;
				CLANG_WARN_BOOL_CONVERSION = YES;
				CLANG_WARN_COMMA = YES;
				CLANG_WARN_CONSTANT_CONVERSION = YES;
				CLANG_WARN_DEPRECATED_OBJC_IMPLEMENTATIONS = YES;
				CLANG_WARN_DIRECT_OBJC_ISA_USAGE = YES_ERROR;
				CLANG_WARN_DOCUMENTATION_COMMENTS = YES;
				CLANG_WARN_EMPTY_BODY = YES;
				CLANG_WARN_ENUM_CONVERSION = YES;
				CLANG_WARN_INFINITE_RECURSION = YES;
				CLANG_WARN_INT_CONVERSION = YES;
				CLANG_WARN_NON_LITERAL_NULL_CONVERSION = YES;
				CLANG_WARN_OBJC_IMPLICIT_RETAIN_SELF = YES;
				CLANG_WARN_OBJC_LITERAL_CONVERSION = YES;
				CLANG_WARN_OBJC_ROOT_CLASS = YES_ERROR;
				CLANG_WARN_QUOTED_INCLUDE_IN_FRAMEWORK_HEADER = YES;
				CLANG_WARN_RANGE_LOOP_ANALYSIS = YES;
				CLANG_WARN_STRICT_PROTOTYPES = YES;
				CLANG_WARN_SUSPICIOUS_MOVE = YES;
				CLANG_WARN_UNGUARDED_AVAILABILITY = YES_AGGRESSIVE;
				CLANG_WARN_UNREACHABLE_CODE = YES;
				CLANG_WARN__DUPLICATE_METHOD_MATCH = YES;
				COPY_PHASE_STRIP = NO;
				DEBUG_INFORMATION_FORMAT = dwarf;
				DEVELOPMENT_TEAM = 6Y5Z2UT5Z4;
				ENABLE_STRICT_OBJC_MSGSEND = YES;
				ENABLE_TESTABILITY = YES;
				ENABLE_USER_SCRIPT_SANDBOXING = YES;
				GCC_C_LANGUAGE_STANDARD = gnu17;
				GCC_DYNAMIC_NO_PIC = NO;
				GCC_NO_COMMON_BLOCKS = YES;
				GCC_OPTIMIZATION_LEVEL = 0;
				GCC_PREPROCESSOR_DEFINITIONS = (
					"DEBUG=1",
					"$(inherited)",
				);
				GCC_WARN_64_TO_32_BIT_CONVERSION = YES;
				GCC_WARN_ABOUT_RETURN_TYPE = YES_ERROR;
				GCC_WARN_UNDECLARED_SELECTOR = YES;
				GCC_WARN_UNINITIALIZED_AUTOS = YES_AGGRESSIVE;
				GCC_WARN_UNUSED_FUNCTION = YES;
				GCC_WARN_UNUSED_VARIABLE = YES;
				IPHONEOS_DEPLOYMENT_TARGET = 18.0;
				LOCALIZATION_PREFERS_STRING_CATALOGS = YES;
				MTL_ENABLE_DEBUG_INFO = INCLUDE_SOURCE;
				MTL_FAST_MATH = YES;
				ONLY_ACTIVE_ARCH = YES;
				SDKROOT = iphoneos;
				SWIFT_ACTIVE_COMPILATION_CONDITIONS = "DEBUG $(inherited)";
				SWIFT_OPTIMIZATION_LEVEL = "-Onone";
			};
			name = Debug;
		};
		1A0531B62E5A5F6C0076047B /* Release */ = {
			isa = XCBuildConfiguration;
			buildSettings = {
				ALWAYS_SEARCH_USER_PATHS = NO;
				ASSETCATALOG_COMPILER_GENERATE_SWIFT_ASSET_SYMBOL_EXTENSIONS = YES;
				CLANG_ANALYZER_NONNULL = YES;
				CLANG_ANALYZER_NUMBER_OBJECT_CONVERSION = YES_AGGRESSIVE;
				CLANG_CXX_LANGUAGE_STANDARD = "gnu++20";
				CLANG_ENABLE_MODULES = YES;
				CLANG_ENABLE_OBJC_ARC = YES;
				CLANG_ENABLE_OBJC_WEAK = YES;
				CLANG_WARN_BLOCK_CAPTURE_AUTORELEASING = YES;
				CLANG_WARN_BOOL_CONVERSION = YES;
				CLANG_WARN_COMMA = YES;
				CLANG_WARN_CONSTANT_CONVERSION = YES;
				CLANG_WARN_DEPRECATED_OBJC_IMPLEMENTATIONS = YES;
				CLANG_WARN_DIRECT_OBJC_ISA_USAGE = YES_ERROR;
				CLANG_WARN_DOCUMENTATION_COMMENTS = YES;
				CLANG_WARN_EMPTY_BODY = YES;
				CLANG_WARN_ENUM_CONVERSION = YES;
				CLANG_WARN_INFINITE_RECURSION = YES;
				CLANG_WARN_INT_CONVERSION = YES;
				CLANG_WARN_NON_LITERAL_NULL_CONVERSION = YES;
				CLANG_WARN_OBJC_IMPLICIT_RETAIN_SELF = YES;
				CLANG_WARN_OBJC_LITERAL_CONVERSION = YES;
				CLANG_WARN_OBJC_ROOT_CLASS = YES_ERROR;
				CLANG_WARN_QUOTED_INCLUDE_IN_FRAMEWORK_HEADER = YES;
				CLANG_WARN_RANGE_LOOP_ANALYSIS = YES;
				CLANG_WARN_STRICT_PROTOTYPES = YES;
				CLANG_WARN_SUSPICIOUS_MOVE = YES;
				CLANG_WARN_UNGUARDED_AVAILABILITY = YES_AGGRESSIVE;
				CLANG_WARN_UNREACHABLE_CODE = YES;
				CLANG_WARN__DUPLICATE_METHOD_MATCH = YES;
				COPY_PHASE_STRIP = NO;
				DEBUG_INFORMATION_FORMAT = "dwarf-with-dsym";
				DEVELOPMENT_TEAM = 6Y5Z2UT5Z4;
				ENABLE_NS_ASSERTIONS = NO;
				ENABLE_STRICT_OBJC_MSGSEND = YES;
				ENABLE_USER_SCRIPT_SANDBOXING = YES;
				GCC_C_LANGUAGE_STANDARD = gnu17;
				GCC_NO_COMMON_BLOCKS = YES;
				GCC_WARN_64_TO_32_BIT_CONVERSION = YES;
				GCC_WARN_ABOUT_RETURN_TYPE = YES_ERROR;
				GCC_WARN_UNDECLARED_SELECTOR = YES;
				GCC_WARN_UNINITIALIZED_AUTOS = YES_AGGRESSIVE;
				GCC_WARN_UNUSED_FUNCTION = YES;
				GCC_WARN_UNUSED_VARIABLE = YES;
				IPHONEOS_DEPLOYMENT_TARGET = 18.0;
				LOCALIZATION_PREFERS_STRING_CATALOGS = YES;
				MTL_ENABLE_DEBUG_INFO = NO;
				MTL_FAST_MATH = YES;
				SDKROOT = iphoneos;
				SWIFT_COMPILATION_MODE = wholemodule;
				VALIDATE_PRODUCT = YES;
			};
			name = Release;
		};
		1A0531B82E5A5F6C0076047B /* Debug */ = {
			isa = XCBuildConfiguration;
			baseConfigurationReference = AC15A3EE2B4E93A3345CEAA7 /* Pods-Sergio.debug.xcconfig */;
			buildSettings = {
				ASSETCATALOG_COMPILER_APPICON_NAME = AppIcon;
				ASSETCATALOG_COMPILER_GLOBAL_ACCENT_COLOR_NAME = AccentColor;
				CODE_SIGN_STYLE = Automatic;
				CURRENT_PROJECT_VERSION = 1;
				DEVELOPMENT_TEAM = 6Y5Z2UT5Z4;
				ENABLE_PREVIEWS = YES;
				ENABLE_USER_SCRIPT_SANDBOXING = NO;
				GENERATE_INFOPLIST_FILE = YES;
				INFOPLIST_KEY_CFBundleDisplayName = "Quiz Sergio";
				INFOPLIST_KEY_UIApplicationSceneManifest_Generation = YES;
				INFOPLIST_KEY_UIApplicationSupportsIndirectInputEvents = YES;
				INFOPLIST_KEY_UILaunchScreen_Generation = YES;
				INFOPLIST_KEY_UISupportedInterfaceOrientations = UIInterfaceOrientationPortrait;
				INFOPLIST_KEY_UISupportedInterfaceOrientations_iPad = "UIInterfaceOrientationLandscapeLeft UIInterfaceOrientationLandscapeRight UIInterfaceOrientationPortrait UIInterfaceOrientationPortraitUpsideDown";
				LD_RUNPATH_SEARCH_PATHS = (
					"$(inherited)",
					"@executable_path/Frameworks",
				);
				MARKETING_VERSION = 1.0;
				PRODUCT_BUNDLE_IDENTIFIER = com.sergio.Sergio;
				PRODUCT_NAME = "$(TARGET_NAME)";
				SWIFT_EMIT_LOC_STRINGS = YES;
				SWIFT_VERSION = 5.0;
				TARGETED_DEVICE_FAMILY = "1,2";
			};
			name = Debug;
		};
		1A0531B92E5A5F6C0076047B /* Release */ = {
			isa = XCBuildConfiguration;
			baseConfigurationReference = 83352CB1559B6907C23F0EB8 /* Pods-Sergio.release.xcconfig */;
			buildSettings = {
				ASSETCATALOG_COMPILER_APPICON_NAME = AppIcon;
				ASSETCATALOG_COMPILER_GLOBAL_ACCENT_COLOR_NAME = AccentColor;
				CODE_SIGN_STYLE = Automatic;
				CURRENT_PROJECT_VERSION = 1;
				DEVELOPMENT_TEAM = 6Y5Z2UT5Z4;
				ENABLE_PREVIEWS = YES;
				ENABLE_USER_SCRIPT_SANDBOXING = NO;
				GENERATE_INFOPLIST_FILE = YES;
				INFOPLIST_KEY_CFBundleDisplayName = "Quiz Sergio";
				INFOPLIST_KEY_UIApplicationSceneManifest_Generation = YES;
				INFOPLIST_KEY_UIApplicationSupportsIndirectInputEvents = YES;
				INFOPLIST_KEY_UILaunchScreen_Generation = YES;
				INFOPLIST_KEY_UISupportedInterfaceOrientations = UIInterfaceOrientationPortrait;
				INFOPLIST_KEY_UISupportedInterfaceOrientations_iPad = "UIInterfaceOrientationLandscapeLeft UIInterfaceOrientationLandscapeRight UIInterfaceOrientationPortrait UIInterfaceOrientationPortraitUpsideDown";
				LD_RUNPATH_SEARCH_PATHS = (
					"$(inherited)",
					"@executable_path/Frameworks",
				);
				MARKETING_VERSION = 1.0;
				PRODUCT_BUNDLE_IDENTIFIER = com.sergio.Sergio;
				PRODUCT_NAME = "$(TARGET_NAME)";
				SWIFT_EMIT_LOC_STRINGS = YES;
				SWIFT_VERSION = 5.0;
				TARGETED_DEVICE_FAMILY = "1,2";
			};
			name = Release;
		};
		1A6C61DD2E6AFB1D00FCDC4F /* Debug */ = {
			isa = XCBuildConfiguration;
			buildSettings = {
				BUNDLE_LOADER = "$(TEST_HOST)";
				CODE_SIGN_STYLE = Automatic;
				CURRENT_PROJECT_VERSION = 1;
				DEVELOPMENT_TEAM = 6Y5Z2UT5Z4;
				GENERATE_INFOPLIST_FILE = YES;
				IPHONEOS_DEPLOYMENT_TARGET = 18.5;
				MARKETING_VERSION = 1.0;
				PRODUCT_BUNDLE_IDENTIFIER = com.sergio.SergioIntegrationTests;
				PRODUCT_NAME = "$(TARGET_NAME)";
				SWIFT_EMIT_LOC_STRINGS = NO;
				SWIFT_VERSION = 5.0;
				TARGETED_DEVICE_FAMILY = "1,2";
				TEST_HOST = "$(BUILT_PRODUCTS_DIR)/Sergio.app/$(BUNDLE_EXECUTABLE_FOLDER_PATH)/Sergio";
			};
			name = Debug;
		};
		1A6C61DE2E6AFB1D00FCDC4F /* Release */ = {
			isa = XCBuildConfiguration;
			buildSettings = {
				BUNDLE_LOADER = "$(TEST_HOST)";
				CODE_SIGN_STYLE = Automatic;
				CURRENT_PROJECT_VERSION = 1;
				DEVELOPMENT_TEAM = 6Y5Z2UT5Z4;
				GENERATE_INFOPLIST_FILE = YES;
				IPHONEOS_DEPLOYMENT_TARGET = 18.5;
				MARKETING_VERSION = 1.0;
				PRODUCT_BUNDLE_IDENTIFIER = com.sergio.SergioIntegrationTests;
				PRODUCT_NAME = "$(TARGET_NAME)";
				SWIFT_EMIT_LOC_STRINGS = NO;
				SWIFT_VERSION = 5.0;
				TARGETED_DEVICE_FAMILY = "1,2";
				TEST_HOST = "$(BUILT_PRODUCTS_DIR)/Sergio.app/$(BUNDLE_EXECUTABLE_FOLDER_PATH)/Sergio";
			};
			name = Release;
		};
		1A80E69A2E5A686F00175BD9 /* Debug */ = {
			isa = XCBuildConfiguration;
			baseConfigurationReference = 7431A9F8BAFA34F1C1E85BD5 /* Pods-SergioTests.debug.xcconfig */;
			buildSettings = {
				BUNDLE_LOADER = "$(TEST_HOST)";
				CODE_SIGN_STYLE = Automatic;
				CURRENT_PROJECT_VERSION = 1;
				DEVELOPMENT_TEAM = 6Y5Z2UT5Z4;
				GENERATE_INFOPLIST_FILE = YES;
				IPHONEOS_DEPLOYMENT_TARGET = 18.0;
				MARKETING_VERSION = 1.0;
				PRODUCT_BUNDLE_IDENTIFIER = com.sergio.SergioTests;
				PRODUCT_NAME = "$(TARGET_NAME)";
				SWIFT_EMIT_LOC_STRINGS = NO;
				SWIFT_VERSION = 5.0;
				TARGETED_DEVICE_FAMILY = "1,2";
				TEST_HOST = "$(BUILT_PRODUCTS_DIR)/Sergio.app/$(BUNDLE_EXECUTABLE_FOLDER_PATH)/Sergio";
			};
			name = Debug;
		};
		1A80E69B2E5A686F00175BD9 /* Release */ = {
			isa = XCBuildConfiguration;
			baseConfigurationReference = 9B9395FF99C5348AAF90112C /* Pods-SergioTests.release.xcconfig */;
			buildSettings = {
				BUNDLE_LOADER = "$(TEST_HOST)";
				CODE_SIGN_STYLE = Automatic;
				CURRENT_PROJECT_VERSION = 1;
				DEVELOPMENT_TEAM = 6Y5Z2UT5Z4;
				GENERATE_INFOPLIST_FILE = YES;
				IPHONEOS_DEPLOYMENT_TARGET = 18.0;
				MARKETING_VERSION = 1.0;
				PRODUCT_BUNDLE_IDENTIFIER = com.sergio.SergioTests;
				PRODUCT_NAME = "$(TARGET_NAME)";
				SWIFT_EMIT_LOC_STRINGS = NO;
				SWIFT_VERSION = 5.0;
				TARGETED_DEVICE_FAMILY = "1,2";
				TEST_HOST = "$(BUILT_PRODUCTS_DIR)/Sergio.app/$(BUNDLE_EXECUTABLE_FOLDER_PATH)/Sergio";
			};
			name = Release;
		};
		1A80E6AA2E5A688E00175BD9 /* Debug */ = {
			isa = XCBuildConfiguration;
			baseConfigurationReference = 9EC87AEF8F0E47A55E427CA7 /* Pods-SergioUITests.debug.xcconfig */;
			buildSettings = {
				CODE_SIGN_STYLE = Automatic;
				CURRENT_PROJECT_VERSION = 1;
				DEVELOPMENT_TEAM = 6Y5Z2UT5Z4;
				GENERATE_INFOPLIST_FILE = YES;
				MARKETING_VERSION = 1.0;
				PRODUCT_BUNDLE_IDENTIFIER = com.sergio.SergioUITests;
				PRODUCT_NAME = "$(TARGET_NAME)";
				SWIFT_EMIT_LOC_STRINGS = NO;
				SWIFT_VERSION = 5.0;
				TARGETED_DEVICE_FAMILY = "1,2";
				TEST_TARGET_NAME = Sergio;
			};
			name = Debug;
		};
		1A80E6AB2E5A688E00175BD9 /* Release */ = {
			isa = XCBuildConfiguration;
			baseConfigurationReference = 7FABD6DC3228561C65001579 /* Pods-SergioUITests.release.xcconfig */;
			buildSettings = {
				CODE_SIGN_STYLE = Automatic;
				CURRENT_PROJECT_VERSION = 1;
				DEVELOPMENT_TEAM = 6Y5Z2UT5Z4;
				GENERATE_INFOPLIST_FILE = YES;
				MARKETING_VERSION = 1.0;
				PRODUCT_BUNDLE_IDENTIFIER = com.sergio.SergioUITests;
				PRODUCT_NAME = "$(TARGET_NAME)";
				SWIFT_EMIT_LOC_STRINGS = NO;
				SWIFT_VERSION = 5.0;
				TARGETED_DEVICE_FAMILY = "1,2";
				TEST_TARGET_NAME = Sergio;
			};
			name = Release;
		};
/* End XCBuildConfiguration section */

/* Begin XCConfigurationList section */
		1A0531A72E5A5F6A0076047B /* Build configuration list for PBXProject "Sergio" */ = {
			isa = XCConfigurationList;
			buildConfigurations = (
				1A0531B52E5A5F6C0076047B /* Debug */,
				1A0531B62E5A5F6C0076047B /* Release */,
			);
			defaultConfigurationIsVisible = 0;
			defaultConfigurationName = Release;
		};
		1A0531B72E5A5F6C0076047B /* Build configuration list for PBXNativeTarget "Sergio" */ = {
			isa = XCConfigurationList;
			buildConfigurations = (
				1A0531B82E5A5F6C0076047B /* Debug */,
				1A0531B92E5A5F6C0076047B /* Release */,
			);
			defaultConfigurationIsVisible = 0;
			defaultConfigurationName = Release;
		};
		1A6C61DC2E6AFB1D00FCDC4F /* Build configuration list for PBXNativeTarget "SergioIntegrationTests" */ = {
			isa = XCConfigurationList;
			buildConfigurations = (
				1A6C61DD2E6AFB1D00FCDC4F /* Debug */,
				1A6C61DE2E6AFB1D00FCDC4F /* Release */,
			);
			defaultConfigurationIsVisible = 0;
			defaultConfigurationName = Release;
		};
		1A80E69C2E5A686F00175BD9 /* Build configuration list for PBXNativeTarget "SergioTests" */ = {
			isa = XCConfigurationList;
			buildConfigurations = (
				1A80E69A2E5A686F00175BD9 /* Debug */,
				1A80E69B2E5A686F00175BD9 /* Release */,
			);
			defaultConfigurationIsVisible = 0;
			defaultConfigurationName = Release;
		};
		1A80E6A92E5A688E00175BD9 /* Build configuration list for PBXNativeTarget "SergioUITests" */ = {
			isa = XCConfigurationList;
			buildConfigurations = (
				1A80E6AA2E5A688E00175BD9 /* Debug */,
				1A80E6AB2E5A688E00175BD9 /* Release */,
			);
			defaultConfigurationIsVisible = 0;
			defaultConfigurationName = Release;
		};
/* End XCConfigurationList section */
	};
	rootObject = 1A0531A42E5A5F6A0076047B /* Project object */;
}
